{
  "name": "openclaw-clickclack-d99d8bf89a",
  "lockfileVersion": 3,
  "requires": true,
  "packages": {
    "": {
      "dependencies": {
        "@openclaw/clickclack": "2026.7.1"
      }
    },
    "node_modules/@openclaw/clickclack": {
      "version": "2026.7.1",
      "resolved": "https://registry.npmjs.org/@openclaw/clickclack/-/clickclack-2026.7.1.tgz",
      "integrity": "sha512-z6B/jTqrn9j5Oagi9J51knH5AU6llFVXw++DMBxIdtE0Lmj90tuxYYepjSCshmkLItCKjzbdZT8lSB4Onzoucw==",
      "bundleDependencies": [
        "ws",
        "zod"
      ],
      "hasShrinkwrap": true,
      "dependencies": {
        "ws": "8.21.0",
        "zod": "4.4.3"
      },
      "peerDependencies": {
        "openclaw": ">=2026.7.1"
      },
      "peerDependenciesMeta": {
        "openclaw": {
          "optional": true
        }
      }
    },
    "node_modules/@openclaw/clickclack/node_modules/ws": {
      "version": "8.21.0",
      "resolved": "https://registry.npmjs.org/ws/-/ws-8.21.0.tgz",
      "integrity": "sha512-Vsp28b7DRcimFQvrqu2Wek3z1iYxDCWqHYB8Qsnk/S4RfaCQzPGPyBNuVjJV3cd6UiKtUtp6sNM77gWvzcCH+g==",
      "inBundle": true,
      "license": "MIT",
      "engines": {
        "node": ">=10.0.0"
      },
      "peerDependencies": {
        "bufferutil": "^4.0.1",
        "utf-8-validate": ">=5.0.2"
      },
      "peerDependenciesMeta": {
        "bufferutil": {
          "optional": true
        },
        "utf-8-validate": {
          "optional": true
        }
      }
    },
    "node_modules/@openclaw/clickclack/node_modules/zod": {
      "version": "4.4.3",
      "resolved": "https://registry.npmjs.org/zod/-/zod-4.4.3.tgz",
      "integrity": "sha512-ytENFjIJFl2UwYglde2jchW2Hwm4GJFLDiSXWdTrJQBIN9Fcyp7n4DhxJEiWNAJMV1/BqWfW/kkg71UDcHJyTQ==",
      "inBundle": true,
      "license": "MIT",
      "funding": {
        "url": "https://github.com/sponsors/colinhacks"
      }
    }
  }
}
